
Microsoft Visual Studio Solution File, Format Version 12.00
# Visual Studio Version 16
VisualStudioVersion = 16.0.28803.202
MinimumVisualStudioVersion = 10.0.40219.1
Project("{9A19103F-16F7-4668-BE54-9A1E7A4F7556}") = "AKiuLog", "AKiuLog\AKiuLog.csproj", "{F2DE939E-28CA-4E29-82FC-00148F3CE818}"
EndProject
Project("{FAE04EC0-301F-11D3-BF4B-00C04F79EFBC}") = "LogUnitTest", "LogUnitTest\LogUnitTest.csproj", "{BDC3F051-7092-4BCD-ACCA-F90D100E185F}"
EndProject
Global
	GlobalSection(SolutionConfigurationPlatforms) = preSolution
		Debug|Any CPU = Debug|Any CPU
		Release|Any CPU = Release|Any CPU
	EndGlobalSection
	GlobalSection(ProjectConfigurationPlatforms) = postSolution
		{F2DE939E-28CA-4E29-82FC-00148F3CE818}.Debug|Any CPU.ActiveCfg = Debug|Any CPU
		{F2DE939E-28CA-4E29-82FC-00148F3CE818}.Debug|Any CPU.Build.0 = Debug|Any CPU
		{F2DE939E-28CA-4E29-82FC-00148F3CE818}.Release|Any CPU.ActiveCfg = Release|Any CPU
		{F2DE939E-28CA-4E29-82FC-00148F3CE818}.Release|Any CPU.Build.0 = Release|Any CPU
		{BDC3F051-7092-4BCD-ACCA-F90D100E185F}.Debug|Any CPU.ActiveCfg = Debug|Any CPU
		{BDC3F051-7092-4BCD-ACCA-F90D100E185F}.Debug|Any CPU.Build.0 = Debug|Any CPU
		{BDC3F051-7092-4BCD-ACCA-F90D100E185F}.Release|Any CPU.ActiveCfg = Release|Any CPU
		{BDC3F051-7092-4BCD-ACCA-F90D100E185F}.Release|Any CPU.Build.0 = Release|Any CPU
	EndGlobalSection
	GlobalSection(SolutionProperties) = preSolution
		HideSolutionNode = FALSE
	EndGlobalSection
	GlobalSection(ExtensibilityGlobals) = postSolution
		SolutionGuid = {91827905-8545-4592-B937-59DAA9158BAB}
	EndGlobalSection
EndGlobal
